
Microsoft Visual Studio Solution File, Format Version 12.00
# Visual Studio Version 16
VisualStudioVersion = 16.0.29324.140
MinimumVisualStudioVersion = 10.0.40219.1
Project("{9A19103F-16F7-4668-BE54-9A1E7A4F7556}") = "DiamondKata", "DiamondKata.csproj", "{9B03E481-14B9-4B12-911B-68D5346C168D}"
EndProject
Project("{FAE04EC0-301F-11D3-BF4B-00C04F79EFBC}") = "DKTests", "..\DiamondKataTests\DKTests\DKTests.csproj", "{551BB7DD-ACA4-44C7-B036-6C7DC7404B12}"
EndProject
Global
	GlobalSection(SolutionConfigurationPlatforms) = preSolution
		Debug|Any CPU = Debug|Any CPU
		Release|Any CPU = Release|Any CPU
	EndGlobalSection
	GlobalSection(ProjectConfigurationPlatforms) = postSolution
		{9B03E481-14B9-4B12-911B-68D5346C168D}.Debug|Any CPU.ActiveCfg = Debug|Any CPU
		{9B03E481-14B9-4B12-911B-68D5346C168D}.Debug|Any CPU.Build.0 = Debug|Any CPU
		{9B03E481-14B9-4B12-911B-68D5346C168D}.Release|Any CPU.ActiveCfg = Release|Any CPU
		{9B03E481-14B9-4B12-911B-68D5346C168D}.Release|Any CPU.Build.0 = Release|Any CPU
		{551BB7DD-ACA4-44C7-B036-6C7DC7404B12}.Debug|Any CPU.ActiveCfg = Debug|Any CPU
		{551BB7DD-ACA4-44C7-B036-6C7DC7404B12}.Debug|Any CPU.Build.0 = Debug|Any CPU
		{551BB7DD-ACA4-44C7-B036-6C7DC7404B12}.Release|Any CPU.ActiveCfg = Release|Any CPU
		{551BB7DD-ACA4-44C7-B036-6C7DC7404B12}.Release|Any CPU.Build.0 = Release|Any CPU
	EndGlobalSection
	GlobalSection(SolutionProperties) = preSolution
		HideSolutionNode = FALSE
	EndGlobalSection
	GlobalSection(ExtensibilityGlobals) = postSolution
		SolutionGuid = {C67D9D56-72FD-465A-9B62-243881BFEDAB}
	EndGlobalSection
EndGlobal
